// !$*UTF8*$!
{
	archiveVersion = 1;
	classes = {
	};
	objectVersion = 56;
	objects = {

/* Begin PBXBuildFile section */
		8BC1441829EBA24E004E385A /* SamplePokemonApp.swift in Sources */ = {isa = PBXBuildFile; fileRef = 8BC1441729EBA24E004E385A /* SamplePokemonApp.swift */; };
		8BC1441A29EBA24E004E385A /* ContentView.swift in Sources */ = {isa = PBXBuildFile; fileRef = 8BC1441929EBA24E004E385A /* ContentView.swift */; };
		8BC1441C29EBA24E004E385A /* Assets.xcassets in Resources */ = {isa = PBXBuildFile; fileRef = 8BC1441B29EBA24E004E385A /* Assets.xcassets */; };
		8BC1441F29EBA24E004E385A /* Preview Assets.xcassets in Resources */ = {isa = PBXBuildFile; fileRef = 8BC1441E29EBA24E004E385A /* Preview Assets.xcassets */; };
		8BC1442829EBC36B004E385A /* APIError.swift in Sources */ = {isa = PBXBuildFile; fileRef = 8BC1442729EBC36B004E385A /* APIError.swift */; };
		8BC1442D29EBC503004E385A /* PokeAPIClient.swift in Sources */ = {isa = PBXBuildFile; fileRef = 8BC1442C29EBC503004E385A /* PokeAPIClient.swift */; };
		8BC1442F29EBC51D004E385A /* PokemonData.swift in Sources */ = {isa = PBXBuildFile; fileRef = 8BC1442E29EBC51D004E385A /* PokemonData.swift */; };
		8BC1443129EBC778004E385A /* Pokemon.swift in Sources */ = {isa = PBXBuildFile; fileRef = 8BC1443029EBC778004E385A /* Pokemon.swift */; };
		8BC1443329EBD7D6004E385A /* ListRow.swift in Sources */ = {isa = PBXBuildFile; fileRef = 8BC1443229EBD7D6004E385A /* ListRow.swift */; };
		8BC1443729EBF925004E385A /* FavoritePokemonData.swift in Sources */ = {isa = PBXBuildFile; fileRef = 8BC1443629EBF925004E385A /* FavoritePokemonData.swift */; };
/* End PBXBuildFile section */

/* Begin PBXFileReference section */
		8BC1441429EBA24E004E385A /* SamplePokemon.app */ = {isa = PBXFileReference; explicitFileType = wrapper.application; includeInIndex = 0; path = SamplePokemon.app; sourceTree = BUILT_PRODUCTS_DIR; };
		8BC1441729EBA24E004E385A /* SamplePokemonApp.swift */ = {isa = PBXFileReference; lastKnownFileType = sourcecode.swift; path = SamplePokemonApp.swift; sourceTree = "<group>"; };
		8BC1441929EBA24E004E385A /* ContentView.swift */ = {isa = PBXFileReference; lastKnownFileType = sourcecode.swift; path = ContentView.swift; sourceTree = "<group>"; };
		8BC1441B29EBA24E004E385A /* Assets.xcassets */ = {isa = PBXFileReference; lastKnownFileType = folder.assetcatalog; path = Assets.xcassets; sourceTree = "<group>"; };
		8BC1441E29EBA24E004E385A /* Preview Assets.xcassets */ = {isa = PBXFileReference; lastKnownFileType = folder.assetcatalog; path = "Preview Assets.xcassets"; sourceTree = "<group>"; };
		8BC1442729EBC36B004E385A /* APIError.swift */ = {isa = PBXFileReference; lastKnownFileType = sourcecode.swift; path = APIError.swift; sourceTree = "<group>"; };
		8BC1442C29EBC503004E385A /* PokeAPIClient.swift */ = {isa = PBXFileReference; lastKnownFileType = sourcecode.swift; path = PokeAPIClient.swift; sourceTree = "<group>"; };
		8BC1442E29EBC51D004E385A /* PokemonData.swift */ = {isa = PBXFileReference; lastKnownFileType = sourcecode.swift; path = PokemonData.swift; sourceTree = "<group>"; };
		8BC1443029EBC778004E385A /* Pokemon.swift */ = {isa = PBXFileReference; lastKnownFileType = sourcecode.swift; path = Pokemon.swift; sourceTree = "<group>"; };
		8BC1443229EBD7D6004E385A /* ListRow.swift */ = {isa = PBXFileReference; lastKnownFileType = sourcecode.swift; path = ListRow.swift; sourceTree = "<group>"; };
		8BC1443629EBF925004E385A /* FavoritePokemonData.swift */ = {isa = PBXFileReference; lastKnownFileType = sourcecode.swift; path = FavoritePokemonData.swift; sourceTree = "<group>"; };
/* End PBXFileReference section */

/* Begin PBXFrameworksBuildPhase section */
		8BC1441129EBA24E004E385A /* Frameworks */ = {
			isa = PBXFrameworksBuildPhase;
			buildActionMask = 2147483647;
			files = (
			);
			runOnlyForDeploymentPostprocessing = 0;
		};
/* End PBXFrameworksBuildPhase section */

/* Begin PBXGroup section */
		8BC1440B29EBA24E004E385A = {
			isa = PBXGroup;
			children = (
				8BC1441629EBA24E004E385A /* SamplePokemon */,
				8BC1441529EBA24E004E385A /* Products */,
			);
			sourceTree = "<group>";
		};
		8BC1441529EBA24E004E385A /* Products */ = {
			isa = PBXGroup;
			children = (
				8BC1441429EBA24E004E385A /* SamplePokemon.app */,
			);
			name = Products;
			sourceTree = "<group>";
		};
		8BC1441629EBA24E004E385A /* SamplePokemon */ = {
			isa = PBXGroup;
			children = (
				8BC1441729EBA24E004E385A /* SamplePokemonApp.swift */,
				8BC1442B29EBC4A9004E385A /* ViewModel */,
				8BC1442A29EBC490004E385A /* Views */,
				8BC1442929EBC47D004E385A /* Model */,
				8BC1441B29EBA24E004E385A /* Assets.xcassets */,
				8BC1441D29EBA24E004E385A /* Preview Content */,
			);
			path = SamplePokemon;
			sourceTree = "<group>";
		};
		8BC1441D29EBA24E004E385A /* Preview Content */ = {
			isa = PBXGroup;
			children = (
				8BC1441E29EBA24E004E385A /* Preview Assets.xcassets */,
			);
			path = "Preview Content";
			sourceTree = "<group>";
		};
		8BC1442929EBC47D004E385A /* Model */ = {
			isa = PBXGroup;
			children = (
				8BC1442729EBC36B004E385A /* APIError.swift */,
				8BC1442C29EBC503004E385A /* PokeAPIClient.swift */,
				8BC1443029EBC778004E385A /* Pokemon.swift */,
			);
			path = Model;
			sourceTree = "<group>";
		};
		8BC1442A29EBC490004E385A /* Views */ = {
			isa = PBXGroup;
			children = (
				8BC1441929EBA24E004E385A /* ContentView.swift */,
				8BC1443229EBD7D6004E385A /* ListRow.swift */,
			);
			path = Views;
			sourceTree = "<group>";
		};
		8BC1442B29EBC4A9004E385A /* ViewModel */ = {
			isa = PBXGroup;
			children = (
				8BC1442E29EBC51D004E385A /* PokemonData.swift */,
				8BC1443629EBF925004E385A /* FavoritePokemonData.swift */,
			);
			path = ViewModel;
			sourceTree = "<group>";
		};
/* End PBXGroup section */

/* Begin PBXNativeTarget section */
		8BC1441329EBA24E004E385A /* SamplePokemon */ = {
			isa = PBXNativeTarget;
			buildConfigurationList = 8BC1442229EBA24E004E385A /* Build configuration list for PBXNativeTarget "SamplePokemon" */;
			buildPhases = (
				8BC1441029EBA24E004E385A /* Sources */,
				8BC1441129EBA24E004E385A /* Frameworks */,
				8BC1441229EBA24E004E385A /* Resources */,
			);
			buildRules = (
			);
			dependencies = (
			);
			name = SamplePokemon;
			productName = SamplePokemon;
			productReference = 8BC1441429EBA24E004E385A /* SamplePokemon.app */;
			productType = "com.apple.product-type.application";
		};
/* End PBXNativeTarget section */

/* Begin PBXProject section */
		8BC1440C29EBA24E004E385A /* Project object */ = {
			isa = PBXProject;
			attributes = {
				BuildIndependentTargetsInParallel = 1;
				LastSwiftUpdateCheck = 1420;
				LastUpgradeCheck = 1420;
				TargetAttributes = {
					8BC1441329EBA24E004E385A = {
						CreatedOnToolsVersion = 14.2;
					};
				};
			};
			buildConfigurationList = 8BC1440F29EBA24E004E385A /* Build configuration list for PBXProject "SamplePokemon" */;
			compatibilityVersion = "Xcode 14.0";
			developmentRegion = en;
			hasScannedForEncodings = 0;
			knownRegions = (
				en,
				Base,
			);
			mainGroup = 8BC1440B29EBA24E004E385A;
			productRefGroup = 8BC1441529EBA24E004E385A /* Products */;
			projectDirPath = "";
			projectRoot = "";
			targets = (
				8BC1441329EBA24E004E385A /* SamplePokemon */,
			);
		};
/* End PBXProject section */

/* Begin PBXResourcesBuildPhase section */
		8BC1441229EBA24E004E385A /* Resources */ = {
			isa = PBXResourcesBuildPhase;
			buildActionMask = 2147483647;
			files = (
				8BC1441F29EBA24E004E385A /* Preview Assets.xcassets in Resources */,
				8BC1441C29EBA24E004E385A /* Assets.xcassets in Resources */,
			);
			runOnlyForDeploymentPostprocessing = 0;
		};
/* End PBXResourcesBuildPhase section */

/* Begin PBXSourcesBuildPhase section */
		8BC1441029EBA24E004E385A /* Sources */ = {
			isa = PBXSourcesBuildPhase;
			buildActionMask = 2147483647;
			files = (
				8BC1441A29EBA24E004E385A /* ContentView.swift in Sources */,
				8BC1442829EBC36B004E385A /* APIError.swift in Sources */,
				8BC1442D29EBC503004E385A /* PokeAPIClient.swift in Sources */,
				8BC1441829EBA24E004E385A /* SamplePokemonApp.swift in Sources */,
				8BC1442F29EBC51D004E385A /* PokemonData.swift in Sources */,
				8BC1443329EBD7D6004E385A /* ListRow.swift in Sources */,
				8BC1443129EBC778004E385A /* Pokemon.swift in Sources */,
				8BC1443729EBF925004E385A /* FavoritePokemonData.swift in Sources */,
			);
			runOnlyForDeploymentPostprocessing = 0;
		};
/* End PBXSourcesBuildPhase section */

/* Begin XCBuildConfiguration section */
		8BC1442029EBA24E004E385A /* Debug */ = {
			isa = XCBuildConfiguration;
			buildSettings = {
				ALWAYS_SEARCH_USER_PATHS = NO;
				CLANG_ANALYZER_NONNULL = YES;
				CLANG_ANALYZER_NUMBER_OBJECT_CONVERSION = YES_AGGRESSIVE;
				CLANG_CXX_LANGUAGE_STANDARD = "gnu++20";
				CLANG_ENABLE_MODULES = YES;
				CLANG_ENABLE_OBJC_ARC = YES;
				CLANG_ENABLE_OBJC_WEAK = YES;
				CLANG_WARN_BLOCK_CAPTURE_AUTORELEASING = YES;
				CLANG_WARN_BOOL_CONVERSION = YES;
				CLANG_WARN_COMMA = YES;
				CLANG_WARN_CONSTANT_CONVERSION = YES;
				CLANG_WARN_DEPRECATED_OBJC_IMPLEMENTATIONS = YES;
				CLANG_WARN_DIRECT_OBJC_ISA_USAGE = YES_ERROR;
				CLANG_WARN_DOCUMENTATION_COMMENTS = YES;
				CLANG_WARN_EMPTY_BODY = YES;
				CLANG_WARN_ENUM_CONVERSION = YES;
				CLANG_WARN_INFINITE_RECURSION = YES;
				CLANG_WARN_INT_CONVERSION = YES;
				CLANG_WARN_NON_LITERAL_NULL_CONVERSION = YES;
				CLANG_WARN_OBJC_IMPLICIT_RETAIN_SELF = YES;
				CLANG_WARN_OBJC_LITERAL_CONVERSION = YES;
				CLANG_WARN_OBJC_ROOT_CLASS = YES_ERROR;
				CLANG_WARN_QUOTED_INCLUDE_IN_FRAMEWORK_HEADER = YES;
				CLANG_WARN_RANGE_LOOP_ANALYSIS = YES;
				CLANG_WARN_STRICT_PROTOTYPES = YES;
				CLANG_WARN_SUSPICIOUS_MOVE = YES;
				CLANG_WARN_UNGUARDED_AVAILABILITY = YES_AGGRESSIVE;
				CLANG_WARN_UNREACHABLE_CODE = YES;
				CLANG_WARN__DUPLICATE_METHOD_MATCH = YES;
				COPY_PHASE_STRIP = NO;
				DEBUG_INFORMATION_FORMAT = dwarf;
				ENABLE_STRICT_OBJC_MSGSEND = YES;
				ENABLE_TESTABILITY = YES;
				GCC_C_LANGUAGE_STANDARD = gnu11;
				GCC_DYNAMIC_NO_PIC = NO;
				GCC_NO_COMMON_BLOCKS = YES;
				GCC_OPTIMIZATION_LEVEL = 0;
				GCC_PREPROCESSOR_DEFINITIONS = (
					"DEBUG=1",
					"$(inherited)",
				);
				GCC_WARN_64_TO_32_BIT_CONVERSION = YES;
				GCC_WARN_ABOUT_RETURN_TYPE = YES_ERROR;
				GCC_WARN_UNDECLARED_SELECTOR = YES;
				GCC_WARN_UNINITIALIZED_AUTOS = YES_AGGRESSIVE;
				GCC_WARN_UNUSED_FUNCTION = YES;
				GCC_WARN_UNUSED_VARIABLE = YES;
				IPHONEOS_DEPLOYMENT_TARGET = 16.2;
				MTL_ENABLE_DEBUG_INFO = INCLUDE_SOURCE;
				MTL_FAST_MATH = YES;
				ONLY_ACTIVE_ARCH = YES;
				SDKROOT = iphoneos;
				SWIFT_ACTIVE_COMPILATION_CONDITIONS = DEBUG;
				SWIFT_OPTIMIZATION_LEVEL = "-Onone";
			};
			name = Debug;
		};
		8BC1442129EBA24E004E385A /* Release */ = {
			isa = XCBuildConfiguration;
			buildSettings = {
				ALWAYS_SEARCH_USER_PATHS = NO;
				CLANG_ANALYZER_NONNULL = YES;
				CLANG_ANALYZER_NUMBER_OBJECT_CONVERSION = YES_AGGRESSIVE;
				CLANG_CXX_LANGUAGE_STANDARD = "gnu++20";
				CLANG_ENABLE_MODULES = YES;
				CLANG_ENABLE_OBJC_ARC = YES;
				CLANG_ENABLE_OBJC_WEAK = YES;
				CLANG_WARN_BLOCK_CAPTURE_AUTORELEASING = YES;
				CLANG_WARN_BOOL_CONVERSION = YES;
				CLANG_WARN_COMMA = YES;
				CLANG_WARN_CONSTANT_CONVERSION = YES;
				CLANG_WARN_DEPRECATED_OBJC_IMPLEMENTATIONS = YES;
				CLANG_WARN_DIRECT_OBJC_ISA_USAGE = YES_ERROR;
				CLANG_WARN_DOCUMENTATION_COMMENTS = YES;
				CLANG_WARN_EMPTY_BODY = YES;
				CLANG_WARN_ENUM_CONVERSION = YES;
				CLANG_WARN_INFINITE_RECURSION = YES;
				CLANG_WARN_INT_CONVERSION = YES;
				CLANG_WARN_NON_LITERAL_NULL_CONVERSION = YES;
				CLANG_WARN_OBJC_IMPLICIT_RETAIN_SELF = YES;
				CLANG_WARN_OBJC_LITERAL_CONVERSION = YES;
				CLANG_WARN_OBJC_ROOT_CLASS = YES_ERROR;
				CLANG_WARN_QUOTED_INCLUDE_IN_FRAMEWORK_HEADER = YES;
				CLANG_WARN_RANGE_LOOP_ANALYSIS = YES;
				CLANG_WARN_STRICT_PROTOTYPES = YES;
				CLANG_WARN_SUSPICIOUS_MOVE = YES;
				CLANG_WARN_UNGUARDED_AVAILABILITY = YES_AGGRESSIVE;
				CLANG_WARN_UNREACHABLE_CODE = YES;
				CLANG_WARN__DUPLICATE_METHOD_MATCH = YES;
				COPY_PHASE_STRIP = NO;
				DEBUG_INFORMATION_FORMAT = "dwarf-with-dsym";
				ENABLE_NS_ASSERTIONS = NO;
				ENABLE_STRICT_OBJC_MSGSEND = YES;
				GCC_C_LANGUAGE_STANDARD = gnu11;
				GCC_NO_COMMON_BLOCKS = YES;
				GCC_WARN_64_TO_32_BIT_CONVERSION = YES;
				GCC_WARN_ABOUT_RETURN_TYPE = YES_ERROR;
				GCC_WARN_UNDECLARED_SELECTOR = YES;
				GCC_WARN_UNINITIALIZED_AUTOS = YES_AGGRESSIVE;
				GCC_WARN_UNUSED_FUNCTION = YES;
				GCC_WARN_UNUSED_VARIABLE = YES;
				IPHONEOS_DEPLOYMENT_TARGET = 16.2;
				MTL_ENABLE_DEBUG_INFO = NO;
				MTL_FAST_MATH = YES;
				SDKROOT = iphoneos;
				SWIFT_COMPILATION_MODE = wholemodule;
				SWIFT_OPTIMIZATION_LEVEL = "-O";
				VALIDATE_PRODUCT = YES;
			};
			name = Release;
		};
		8BC1442329EBA24E004E385A /* Debug */ = {
			isa = XCBuildConfiguration;
			buildSettings = {
				ASSETCATALOG_COMPILER_APPICON_NAME = AppIcon;
				ASSETCATALOG_COMPILER_GLOBAL_ACCENT_COLOR_NAME = AccentColor;
				CODE_SIGN_STYLE = Automatic;
				CURRENT_PROJECT_VERSION = 1;
				DEVELOPMENT_ASSET_PATHS = "\"SamplePokemon/Preview Content\"";
				DEVELOPMENT_TEAM = 7PSW8M3W4F;
				ENABLE_PREVIEWS = YES;
				GENERATE_INFOPLIST_FILE = YES;
				INFOPLIST_KEY_UIApplicationSceneManifest_Generation = YES;
				INFOPLIST_KEY_UIApplicationSupportsIndirectInputEvents = YES;
				INFOPLIST_KEY_UILaunchScreen_Generation = YES;
				INFOPLIST_KEY_UISupportedInterfaceOrientations_iPad = "UIInterfaceOrientationPortrait UIInterfaceOrientationPortraitUpsideDown UIInterfaceOrientationLandscapeLeft UIInterfaceOrientationLandscapeRight";
				INFOPLIST_KEY_UISupportedInterfaceOrientations_iPhone = "UIInterfaceOrientationPortrait UIInterfaceOrientationLandscapeLeft UIInterfaceOrientationLandscapeRight";
				LD_RUNPATH_SEARCH_PATHS = (
					"$(inherited)",
					"@executable_path/Frameworks",
				);
				MARKETING_VERSION = 1.0;
				PRODUCT_BUNDLE_IDENTIFIER = com.watanabe.SamplePokemon;
				PRODUCT_NAME = "$(TARGET_NAME)";
				SWIFT_EMIT_LOC_STRINGS = YES;
				SWIFT_VERSION = 5.0;
				TARGETED_DEVICE_FAMILY = "1,2";
			};
			name = Debug;
		};
		8BC1442429EBA24E004E385A /* Release */ = {
			isa = XCBuildConfiguration;
			buildSettings = {
				ASSETCATALOG_COMPILER_APPICON_NAME = AppIcon;
				ASSETCATALOG_COMPILER_GLOBAL_ACCENT_COLOR_NAME = AccentColor;
				CODE_SIGN_STYLE = Automatic;
				CURRENT_PROJECT_VERSION = 1;
				DEVELOPMENT_ASSET_PATHS = "\"SamplePokemon/Preview Content\"";
				DEVELOPMENT_TEAM = 7PSW8M3W4F;
				ENABLE_PREVIEWS = YES;
				GENERATE_INFOPLIST_FILE = YES;
				INFOPLIST_KEY_UIApplicationSceneManifest_Generation = YES;
				INFOPLIST_KEY_UIApplicationSupportsIndirectInputEvents = YES;
				INFOPLIST_KEY_UILaunchScreen_Generation = YES;
				INFOPLIST_KEY_UISupportedInterfaceOrientations_iPad = "UIInterfaceOrientationPortrait UIInterfaceOrientationPortraitUpsideDown UIInterfaceOrientationLandscapeLeft UIInterfaceOrientationLandscapeRight";
				INFOPLIST_KEY_UISupportedInterfaceOrientations_iPhone = "UIInterfaceOrientationPortrait UIInterfaceOrientationLandscapeLeft UIInterfaceOrientationLandscapeRight";
				LD_RUNPATH_SEARCH_PATHS = (
					"$(inherited)",
					"@executable_path/Frameworks",
				);
				MARKETING_VERSION = 1.0;
				PRODUCT_BUNDLE_IDENTIFIER = com.watanabe.SamplePokemon;
				PRODUCT_NAME = "$(TARGET_NAME)";
				SWIFT_EMIT_LOC_STRINGS = YES;
				SWIFT_VERSION = 5.0;
				TARGETED_DEVICE_FAMILY = "1,2";
			};
			name = Release;
		};
/* End XCBuildConfiguration section */

/* Begin XCConfigurationList section */
		8BC1440F29EBA24E004E385A /* Build configuration list for PBXProject "SamplePokemon" */ = {
			isa = XCConfigurationList;
			buildConfigurations = (
				8BC1442029EBA24E004E385A /* Debug */,
				8BC1442129EBA24E004E385A /* Release */,
			);
			defaultConfigurationIsVisible = 0;
			defaultConfigurationName = Release;
		};
		8BC1442229EBA24E004E385A /* Build configuration list for PBXNativeTarget "SamplePokemon" */ = {
			isa = XCConfigurationList;
			buildConfigurations = (
				8BC1442329EBA24E004E385A /* Debug */,
				8BC1442429EBA24E004E385A /* Release */,
			);
			defaultConfigurationIsVisible = 0;
			defaultConfigurationName = Release;
		};
/* End XCConfigurationList section */
	};
	rootObject = 8BC1440C29EBA24E004E385A /* Project object */;
}
